{
    "_readme": [
        "This file locks the dependencies of your project to a known state",
        "Read more about it at http://getcomposer.org/doc/01-basic-usage.md#composer-lock-the-lock-file",
        "This file is @generated automatically"
    ],
    "hash": "a0f4e746e1654eea4af07d0e2ed223ca",
    "packages": [
        {
            "name": "owl/hasmany",
            "version": "dev-master",
            "source": {
                "type": "git",
                "url": "https://github.com/october-widgets/hasmany.git",
                "reference": "dc906963a6bc9f0aa868ced1df39e9ccceed5c9b"
            },
            "dist": {
                "type": "zip",
                "url": "https://api.github.com/repos/october-widgets/hasmany/zipball/dc906963a6bc9f0aa868ced1df39e9ccceed5c9b",
                "reference": "dc906963a6bc9f0aa868ced1df39e9ccceed5c9b",
                "shasum": ""
            },
            "require": {
                "php": ">=5.4.0"
            },
            "type": "library",
            "extra": {
                "branch-alias": {
                    "dev-master": "1.0-dev"
                }
            },
            "autoload": {
                "psr-4": {
                    "Owl\\FormWidgets\\HasMany\\": ""
                }
            },
            "notification-url": "https://packagist.org/downloads/",
            "license": [
                "MIT"
            ],
            "authors": [
                {
                    "name": "Scott Bedard",
                    "email": "scottbedard90@gmail.com"
                }
            ],
            "description": "Has-many / belongs-to relation subforms.",
            "homepage": "http://github.com/october-widgets",
            "keywords": [
                "hasmany",
                "october",
                "october cms",
                "owl"
            ],
            "time": "2015-04-09 16:09:36"
        }
    ],
    "packages-dev": [],
    "aliases": [],
    "minimum-stability": "stable",
    "stability-flags": {
        "owl/hasmany": 20
    },
    "prefer-stable": false,
    "prefer-lowest": false,
    "platform": [],
    "platform-dev": []
}
